
Microsoft Visual Studio Solution File, Format Version 12.00
# Visual Studio Version 17
VisualStudioVersion = 17.8.34525.116
MinimumVisualStudioVersion = 10.0.40219.1
Project("{FAE04EC0-301F-11D3-BF4B-00C04F79EFBC}") = "SistemaPractica", "SistemaPractica\SistemaPractica.csproj", "{7ADD7632-E9C4-4615-B977-407AA1E3DB88}"
EndProject
Global
	GlobalSection(SolutionConfigurationPlatforms) = preSolution
		Debug|Any CPU = Debug|Any CPU
		Release|Any CPU = Release|Any CPU
	EndGlobalSection
	GlobalSection(ProjectConfigurationPlatforms) = postSolution
		{7ADD7632-E9C4-4615-B977-407AA1E3DB88}.Debug|Any CPU.ActiveCfg = Debug|Any CPU
		{7ADD7632-E9C4-4615-B977-407AA1E3DB88}.Debug|Any CPU.Build.0 = Debug|Any CPU
		{7ADD7632-E9C4-4615-B977-407AA1E3DB88}.Release|Any CPU.ActiveCfg = Release|Any CPU
		{7ADD7632-E9C4-4615-B977-407AA1E3DB88}.Release|Any CPU.Build.0 = Release|Any CPU
	EndGlobalSection
	GlobalSection(SolutionProperties) = preSolution
		HideSolutionNode = FALSE
	EndGlobalSection
	GlobalSection(ExtensibilityGlobals) = postSolution
		SolutionGuid = {E67453AC-3535-4C1C-A0D9-8E3D0568BA11}
	EndGlobalSection
EndGlobal
